
Microsoft Visual Studio Solution File, Format Version 12.00
# Visual Studio Version 17
VisualStudioVersion = 17.14.36429.23 d17.14
MinimumVisualStudioVersion = 10.0.40219.1
Project("{FAE04EC0-301F-11D3-BF4B-00C04F79EFBC}") = "GYMONE", "GYMONE\GYMONE.csproj", "{D0A40ED1-1195-4926-AA70-A98D17754EB0}"
EndProject
Project("{FAE04EC0-301F-11D3-BF4B-00C04F79EFBC}") = "GYMONETests", "GYMONETests\GYMONETests.csproj", "{7EB15878-FFE0-4110-8CD5-08E57B823ECF}"
EndProject
Global
	GlobalSection(SolutionConfigurationPlatforms) = preSolution
		Debug|Any CPU = Debug|Any CPU
		Release|Any CPU = Release|Any CPU
	EndGlobalSection
	GlobalSection(ProjectConfigurationPlatforms) = postSolution
		{D0A40ED1-1195-4926-AA70-A98D17754EB0}.Debug|Any CPU.ActiveCfg = Debug|Any CPU
		{D0A40ED1-1195-4926-AA70-A98D17754EB0}.Debug|Any CPU.Build.0 = Debug|Any CPU
		{D0A40ED1-1195-4926-AA70-A98D17754EB0}.Release|Any CPU.ActiveCfg = Release|Any CPU
		{D0A40ED1-1195-4926-AA70-A98D17754EB0}.Release|Any CPU.Build.0 = Release|Any CPU
		{7EB15878-FFE0-4110-8CD5-08E57B823ECF}.Debug|Any CPU.ActiveCfg = Debug|Any CPU
		{7EB15878-FFE0-4110-8CD5-08E57B823ECF}.Debug|Any CPU.Build.0 = Debug|Any CPU
		{7EB15878-FFE0-4110-8CD5-08E57B823ECF}.Release|Any CPU.ActiveCfg = Release|Any CPU
		{7EB15878-FFE0-4110-8CD5-08E57B823ECF}.Release|Any CPU.Build.0 = Release|Any CPU
	EndGlobalSection
	GlobalSection(SolutionProperties) = preSolution
		HideSolutionNode = FALSE
	EndGlobalSection
	GlobalSection(ExtensibilityGlobals) = postSolution
		SolutionGuid = {3A32C9B2-E82E-43B8-AE75-07552711C184}
	EndGlobalSection
EndGlobal
